
Microsoft Visual Studio Solution File, Format Version 12.00
# Visual Studio 2012
Project("{F2A71F9B-5D33-465A-A702-920D77279786}") = "CategoryTheory", "CategoryTheory\CategoryTheory.fsproj", "{51226531-2B77-43D1-BE62-9FBC5EA712B4}"
EndProject
Project("{F2A71F9B-5D33-465A-A702-920D77279786}") = "FSharpTutorial", "FSharpTutorial\FSharpTutorial.fsproj", "{A80DF912-7FEC-429A-B66E-CF0627B447CB}"
EndProject
Global
	GlobalSection(SolutionConfigurationPlatforms) = preSolution
		Debug|Any CPU = Debug|Any CPU
		Release|Any CPU = Release|Any CPU
	EndGlobalSection
	GlobalSection(ProjectConfigurationPlatforms) = postSolution
		{51226531-2B77-43D1-BE62-9FBC5EA712B4}.Debug|Any CPU.ActiveCfg = Debug|Any CPU
		{51226531-2B77-43D1-BE62-9FBC5EA712B4}.Debug|Any CPU.Build.0 = Debug|Any CPU
		{51226531-2B77-43D1-BE62-9FBC5EA712B4}.Release|Any CPU.ActiveCfg = Release|Any CPU
		{51226531-2B77-43D1-BE62-9FBC5EA712B4}.Release|Any CPU.Build.0 = Release|Any CPU
		{A80DF912-7FEC-429A-B66E-CF0627B447CB}.Debug|Any CPU.ActiveCfg = Debug|Any CPU
		{A80DF912-7FEC-429A-B66E-CF0627B447CB}.Debug|Any CPU.Build.0 = Debug|Any CPU
		{A80DF912-7FEC-429A-B66E-CF0627B447CB}.Release|Any CPU.ActiveCfg = Release|Any CPU
		{A80DF912-7FEC-429A-B66E-CF0627B447CB}.Release|Any CPU.Build.0 = Release|Any CPU
	EndGlobalSection
	GlobalSection(SolutionProperties) = preSolution
		HideSolutionNode = FALSE
	EndGlobalSection
EndGlobal
